
Microsoft Visual Studio Solution File, Format Version 12.00
# Visual Studio Version 17
VisualStudioVersion = 17.5.33516.290
MinimumVisualStudioVersion = 10.0.40219.1
Project("{FAE04EC0-301F-11D3-BF4B-00C04F79EFBC}") = "LunarCsharpYiJingFrameworkExtensions", "LunarCsharpYiJingFrameworkExtensions\LunarCsharpYiJingFrameworkExtensions.csproj", "{CAEFE773-4470-402B-A45A-18475CC25BF6}"
EndProject
Global
	GlobalSection(SolutionConfigurationPlatforms) = preSolution
		Debug|Any CPU = Debug|Any CPU
		Release|Any CPU = Release|Any CPU
	EndGlobalSection
	GlobalSection(ProjectConfigurationPlatforms) = postSolution
		{CAEFE773-4470-402B-A45A-18475CC25BF6}.Debug|Any CPU.ActiveCfg = Debug|Any CPU
		{CAEFE773-4470-402B-A45A-18475CC25BF6}.Debug|Any CPU.Build.0 = Debug|Any CPU
		{CAEFE773-4470-402B-A45A-18475CC25BF6}.Release|Any CPU.ActiveCfg = Release|Any CPU
		{CAEFE773-4470-402B-A45A-18475CC25BF6}.Release|Any CPU.Build.0 = Release|Any CPU
	EndGlobalSection
	GlobalSection(SolutionProperties) = preSolution
		HideSolutionNode = FALSE
	EndGlobalSection
	GlobalSection(ExtensibilityGlobals) = postSolution
		SolutionGuid = {AE433A9E-5440-4F1E-8807-BED26169126E}
	EndGlobalSection
EndGlobal
